
Microsoft Visual Studio Solution File, Format Version 12.00
# Visual Studio 15
VisualStudioVersion = 15.0.26730.15
MinimumVisualStudioVersion = 10.0.40219.1
Project("{FAE04EC0-301F-11D3-BF4B-00C04F79EFBC}") = "WoofTwo", "WoofTwo\WoofTwo.csproj", "{C2462813-393F-473F-9661-4200C280F499}"
EndProject
Project("{FAE04EC0-301F-11D3-BF4B-00C04F79EFBC}") = "Woof.UI", "Woof.UI\Woof.UI.csproj", "{55D5B2E3-3704-4C29-B01D-2AAC5469E926}"
EndProject
Global
	GlobalSection(SolutionConfigurationPlatforms) = preSolution
		Debug|Any CPU = Debug|Any CPU
		Release|Any CPU = Release|Any CPU
	EndGlobalSection
	GlobalSection(ProjectConfigurationPlatforms) = postSolution
		{C2462813-393F-473F-9661-4200C280F499}.Debug|Any CPU.ActiveCfg = Debug|Any CPU
		{C2462813-393F-473F-9661-4200C280F499}.Debug|Any CPU.Build.0 = Debug|Any CPU
		{C2462813-393F-473F-9661-4200C280F499}.Release|Any CPU.ActiveCfg = Release|Any CPU
		{C2462813-393F-473F-9661-4200C280F499}.Release|Any CPU.Build.0 = Release|Any CPU
		{55D5B2E3-3704-4C29-B01D-2AAC5469E926}.Debug|Any CPU.ActiveCfg = Debug|Any CPU
		{55D5B2E3-3704-4C29-B01D-2AAC5469E926}.Debug|Any CPU.Build.0 = Debug|Any CPU
		{55D5B2E3-3704-4C29-B01D-2AAC5469E926}.Release|Any CPU.ActiveCfg = Release|Any CPU
		{55D5B2E3-3704-4C29-B01D-2AAC5469E926}.Release|Any CPU.Build.0 = Release|Any CPU
	EndGlobalSection
	GlobalSection(SolutionProperties) = preSolution
		HideSolutionNode = FALSE
	EndGlobalSection
	GlobalSection(ExtensibilityGlobals) = postSolution
		SolutionGuid = {690F3505-C335-47E1-9A0D-C29CE342AB32}
	EndGlobalSection
EndGlobal
